
Microsoft Visual Studio Solution File, Format Version 12.00
# Visual Studio Version 16
VisualStudioVersion = 16.0.30114.105
MinimumVisualStudioVersion = 10.0.40219.1
Project("{FAE04EC0-301F-11D3-BF4B-00C04F79EFBC}") = "CsharpQuests", "CsharpQuests\CsharpQuests.csproj", "{601E2F81-157B-43E1-A9E2-53AA8119C814}"
EndProject
Project("{FAE04EC0-301F-11D3-BF4B-00C04F79EFBC}") = "CsharpQuestsTest", "CsharpQuestsTest\CsharpQuestsTest.csproj", "{2D90B6DE-8702-414D-8F1E-2FEC35C67DE8}"
EndProject
Global
	GlobalSection(SolutionConfigurationPlatforms) = preSolution
		Debug|Any CPU = Debug|Any CPU
		Release|Any CPU = Release|Any CPU
	EndGlobalSection
	GlobalSection(SolutionProperties) = preSolution
		HideSolutionNode = FALSE
	EndGlobalSection
	GlobalSection(ProjectConfigurationPlatforms) = postSolution
		{601E2F81-157B-43E1-A9E2-53AA8119C814}.Debug|Any CPU.ActiveCfg = Debug|Any CPU
		{601E2F81-157B-43E1-A9E2-53AA8119C814}.Debug|Any CPU.Build.0 = Debug|Any CPU
		{601E2F81-157B-43E1-A9E2-53AA8119C814}.Release|Any CPU.ActiveCfg = Release|Any CPU
		{601E2F81-157B-43E1-A9E2-53AA8119C814}.Release|Any CPU.Build.0 = Release|Any CPU
		{2D90B6DE-8702-414D-8F1E-2FEC35C67DE8}.Debug|Any CPU.ActiveCfg = Debug|Any CPU
		{2D90B6DE-8702-414D-8F1E-2FEC35C67DE8}.Debug|Any CPU.Build.0 = Debug|Any CPU
		{2D90B6DE-8702-414D-8F1E-2FEC35C67DE8}.Release|Any CPU.ActiveCfg = Release|Any CPU
		{2D90B6DE-8702-414D-8F1E-2FEC35C67DE8}.Release|Any CPU.Build.0 = Release|Any CPU
	EndGlobalSection
EndGlobal
